
Microsoft Visual Studio Solution File, Format Version 12.00
# Visual Studio Version 16
VisualStudioVersion = 16.0.30204.135
MinimumVisualStudioVersion = 10.0.40219.1
Project("{FAE04EC0-301F-11D3-BF4B-00C04F79EFBC}") = "ALS.API.CRUDGenerator.SamplePlugin", "ALS.API.CRUDGenerator.SamplePlugin\ALS.API.CRUDGenerator.SamplePlugin.csproj", "{38BA971C-2546-405D-A60B-2ADE75C12C16}"
EndProject
Global
	GlobalSection(SolutionConfigurationPlatforms) = preSolution
		Debug|Any CPU = Debug|Any CPU
		Release|Any CPU = Release|Any CPU
	EndGlobalSection
	GlobalSection(ProjectConfigurationPlatforms) = postSolution
		{38BA971C-2546-405D-A60B-2ADE75C12C16}.Debug|Any CPU.ActiveCfg = Debug|Any CPU
		{38BA971C-2546-405D-A60B-2ADE75C12C16}.Debug|Any CPU.Build.0 = Debug|Any CPU
		{38BA971C-2546-405D-A60B-2ADE75C12C16}.Release|Any CPU.ActiveCfg = Release|Any CPU
		{38BA971C-2546-405D-A60B-2ADE75C12C16}.Release|Any CPU.Build.0 = Release|Any CPU
	EndGlobalSection
	GlobalSection(SolutionProperties) = preSolution
		HideSolutionNode = FALSE
	EndGlobalSection
	GlobalSection(ExtensibilityGlobals) = postSolution
		SolutionGuid = {CB9D31C9-D507-432D-A295-BD21DBB03F07}
	EndGlobalSection
EndGlobal
